
Microsoft Visual Studio Solution File, Format Version 12.00
# Visual Studio Version 16
VisualStudioVersion = 16.0.31321.278
MinimumVisualStudioVersion = 10.0.40219.1
Project("{FAE04EC0-301F-11D3-BF4B-00C04F79EFBC}") = "JustDoIt", "JustDoIt\JustDoIt.csproj", "{EAC59423-9928-475D-B520-CBB811F15F15}"
EndProject
Global
	GlobalSection(SolutionConfigurationPlatforms) = preSolution
		Debug|Any CPU = Debug|Any CPU
		Release|Any CPU = Release|Any CPU
	EndGlobalSection
	GlobalSection(ProjectConfigurationPlatforms) = postSolution
		{EAC59423-9928-475D-B520-CBB811F15F15}.Debug|Any CPU.ActiveCfg = Debug|Any CPU
		{EAC59423-9928-475D-B520-CBB811F15F15}.Debug|Any CPU.Build.0 = Debug|Any CPU
		{EAC59423-9928-475D-B520-CBB811F15F15}.Release|Any CPU.ActiveCfg = Release|Any CPU
		{EAC59423-9928-475D-B520-CBB811F15F15}.Release|Any CPU.Build.0 = Release|Any CPU
	EndGlobalSection
	GlobalSection(SolutionProperties) = preSolution
		HideSolutionNode = FALSE
	EndGlobalSection
	GlobalSection(ExtensibilityGlobals) = postSolution
		SolutionGuid = {946DFCCD-8E56-4774-8FD7-824F8BFFB9FE}
	EndGlobalSection
EndGlobal
